// !$*UTF8*$!
{
	archiveVersion = 1;
	classes = {
	};
	objectVersion = 50;
	objects = {

/* Begin PBXBuildFile section */
		910E3C9F23D09636007655B6 /* KeywordsModel.swift in Sources */ = {isa = PBXBuildFile; fileRef = 910E3C9E23D09636007655B6 /* KeywordsModel.swift */; };
		910E3CBC23D0E00E007655B6 /* QuizService.swift in Sources */ = {isa = PBXBuildFile; fileRef = 910E3CBB23D0E00E007655B6 /* QuizService.swift */; };
		910E3CC023D0E058007655B6 /* CustomError.swift in Sources */ = {isa = PBXBuildFile; fileRef = 910E3CBF23D0E058007655B6 /* CustomError.swift */; };
		910E3CC423D0E0DE007655B6 /* HomeViewModel.swift in Sources */ = {isa = PBXBuildFile; fileRef = 910E3CC323D0E0DE007655B6 /* HomeViewModel.swift */; };
		910E3CC723D0E140007655B6 /* HomeView.swift in Sources */ = {isa = PBXBuildFile; fileRef = 910E3CC623D0E140007655B6 /* HomeView.swift */; };
		910E3CCB23D0E1BD007655B6 /* LoadingView.swift in Sources */ = {isa = PBXBuildFile; fileRef = 910E3CCA23D0E1BD007655B6 /* LoadingView.swift */; };
		910E3CCE23D0E24A007655B6 /* UITextField+Extensions.swift in Sources */ = {isa = PBXBuildFile; fileRef = 910E3CCD23D0E24A007655B6 /* UITextField+Extensions.swift */; };
		910E3CD123D0E329007655B6 /* QuizGameControlView.swift in Sources */ = {isa = PBXBuildFile; fileRef = 910E3CD023D0E329007655B6 /* QuizGameControlView.swift */; };
		910E3CD523D0E3A6007655B6 /* ViewCode.swift in Sources */ = {isa = PBXBuildFile; fileRef = 910E3CD423D0E3A6007655B6 /* ViewCode.swift */; };
		910E3CD723D0E47F007655B6 /* Utils.swift in Sources */ = {isa = PBXBuildFile; fileRef = 910E3CD623D0E47F007655B6 /* Utils.swift */; };
		910E3CDA23D12491007655B6 /* Constants.swift in Sources */ = {isa = PBXBuildFile; fileRef = 910E3CD923D12491007655B6 /* Constants.swift */; };
		911873BD23D075EE00759C65 /* AppDelegate.swift in Sources */ = {isa = PBXBuildFile; fileRef = 911873BC23D075EE00759C65 /* AppDelegate.swift */; };
		911873BF23D075EE00759C65 /* SceneDelegate.swift in Sources */ = {isa = PBXBuildFile; fileRef = 911873BE23D075EE00759C65 /* SceneDelegate.swift */; };
		911873C623D075F200759C65 /* Assets.xcassets in Resources */ = {isa = PBXBuildFile; fileRef = 911873C523D075F200759C65 /* Assets.xcassets */; };
		911873C923D075F200759C65 /* LaunchScreen.storyboard in Resources */ = {isa = PBXBuildFile; fileRef = 911873C723D075F200759C65 /* LaunchScreen.storyboard */; };
		911873D423D075F200759C65 /* QuizTests.swift in Sources */ = {isa = PBXBuildFile; fileRef = 911873D323D075F200759C65 /* QuizTests.swift */; };
		911873DF23D075F200759C65 /* QuizUITests.swift in Sources */ = {isa = PBXBuildFile; fileRef = 911873DE23D075F200759C65 /* QuizUITests.swift */; };
		911873F523D076ED00759C65 /* HomeViewController.swift in Sources */ = {isa = PBXBuildFile; fileRef = 911873F423D076ED00759C65 /* HomeViewController.swift */; };
		91E8FC0A23D1E04D008AB821 /* SF-Pro-Display-Bold.otf in Resources */ = {isa = PBXBuildFile; fileRef = 91E8FC0723D1E04C008AB821 /* SF-Pro-Display-Bold.otf */; };
		91E8FC0B23D1E04D008AB821 /* SF-Pro-Display-Semibold.otf in Resources */ = {isa = PBXBuildFile; fileRef = 91E8FC0823D1E04C008AB821 /* SF-Pro-Display-Semibold.otf */; };
		91E8FC0C23D1E04D008AB821 /* SF-Pro-Display-Regular.otf in Resources */ = {isa = PBXBuildFile; fileRef = 91E8FC0923D1E04D008AB821 /* SF-Pro-Display-Regular.otf */; };
		91E8FC0E23D1E0B4008AB821 /* UIFonts+Extensions.swift in Sources */ = {isa = PBXBuildFile; fileRef = 91E8FC0D23D1E0B4008AB821 /* UIFonts+Extensions.swift */; };
		91F9B0CF23D163B6003BFAA3 /* .gitignore in Resources */ = {isa = PBXBuildFile; fileRef = 91F9B0CE23D163B6003BFAA3 /* .gitignore */; };
		91F9B0D123D166E0003BFAA3 /* README.md in Resources */ = {isa = PBXBuildFile; fileRef = 91F9B0D023D166E0003BFAA3 /* README.md */; };
		91F9B0E423D167AD003BFAA3 /* screenshot-04.png in Resources */ = {isa = PBXBuildFile; fileRef = 91F9B0D423D167AD003BFAA3 /* screenshot-04.png */; };
		91F9B0E523D167AD003BFAA3 /* screenshot-05.png in Resources */ = {isa = PBXBuildFile; fileRef = 91F9B0D523D167AD003BFAA3 /* screenshot-05.png */; };
		91F9B0E623D167AD003BFAA3 /* screenshot-06.png in Resources */ = {isa = PBXBuildFile; fileRef = 91F9B0D623D167AD003BFAA3 /* screenshot-06.png */; };
		91F9B0E723D167AD003BFAA3 /* screenshot-02.png in Resources */ = {isa = PBXBuildFile; fileRef = 91F9B0D723D167AD003BFAA3 /* screenshot-02.png */; };
		91F9B0E823D167AD003BFAA3 /* screenshot-03.png in Resources */ = {isa = PBXBuildFile; fileRef = 91F9B0D823D167AD003BFAA3 /* screenshot-03.png */; };
		91F9B0E923D167AD003BFAA3 /* screenshot-01.png in Resources */ = {isa = PBXBuildFile; fileRef = 91F9B0D923D167AD003BFAA3 /* screenshot-01.png */; };
		91F9B0EA23D167AD003BFAA3 /* header.png in Resources */ = {isa = PBXBuildFile; fileRef = 91F9B0DB23D167AD003BFAA3 /* header.png */; };
		91F9B0EB23D167AD003BFAA3 /* main-02.png in Resources */ = {isa = PBXBuildFile; fileRef = 91F9B0DC23D167AD003BFAA3 /* main-02.png */; };
		91F9B0EC23D167AD003BFAA3 /* main-03.png in Resources */ = {isa = PBXBuildFile; fileRef = 91F9B0DD23D167AD003BFAA3 /* main-03.png */; };
		91F9B0ED23D167AD003BFAA3 /* main-01.png in Resources */ = {isa = PBXBuildFile; fileRef = 91F9B0DE23D167AD003BFAA3 /* main-01.png */; };
		91F9B0EE23D167AD003BFAA3 /* screenshot-08.png in Resources */ = {isa = PBXBuildFile; fileRef = 91F9B0E023D167AD003BFAA3 /* screenshot-08.png */; };
		91F9B0EF23D167AD003BFAA3 /* screenshot-09.png in Resources */ = {isa = PBXBuildFile; fileRef = 91F9B0E123D167AD003BFAA3 /* screenshot-09.png */; };
		91F9B0F023D167AD003BFAA3 /* screenshot-10.png in Resources */ = {isa = PBXBuildFile; fileRef = 91F9B0E223D167AD003BFAA3 /* screenshot-10.png */; };
		91F9B0F123D167AD003BFAA3 /* screenshot-07.png in Resources */ = {isa = PBXBuildFile; fileRef = 91F9B0E323D167AD003BFAA3 /* screenshot-07.png */; };
		91F9B0F323D172BE003BFAA3 /* main-01-2.png in Resources */ = {isa = PBXBuildFile; fileRef = 91F9B0F223D172BE003BFAA3 /* main-01-2.png */; };
/* End PBXBuildFile section */

/* Begin PBXContainerItemProxy section */
		911873D023D075F200759C65 /* PBXContainerItemProxy */ = {
			isa = PBXContainerItemProxy;
			containerPortal = 911873B123D075EE00759C65 /* Project object */;
			proxyType = 1;
			remoteGlobalIDString = 911873B823D075EE00759C65;
			remoteInfo = Quiz;
		};
		911873DB23D075F200759C65 /* PBXContainerItemProxy */ = {
			isa = PBXContainerItemProxy;
			containerPortal = 911873B123D075EE00759C65 /* Project object */;
			proxyType = 1;
			remoteGlobalIDString = 911873B823D075EE00759C65;
			remoteInfo = Quiz;
		};
/* End PBXContainerItemProxy section */

/* Begin PBXFileReference section */
		910E3C9E23D09636007655B6 /* KeywordsModel.swift */ = {isa = PBXFileReference; lastKnownFileType = sourcecode.swift; path = KeywordsModel.swift; sourceTree = "<group>"; };
		910E3CBB23D0E00E007655B6 /* QuizService.swift */ = {isa = PBXFileReference; lastKnownFileType = sourcecode.swift; path = QuizService.swift; sourceTree = "<group>"; };
		910E3CBF23D0E058007655B6 /* CustomError.swift */ = {isa = PBXFileReference; lastKnownFileType = sourcecode.swift; path = CustomError.swift; sourceTree = "<group>"; };
		910E3CC323D0E0DE007655B6 /* HomeViewModel.swift */ = {isa = PBXFileReference; lastKnownFileType = sourcecode.swift; path = HomeViewModel.swift; sourceTree = "<group>"; };
		910E3CC623D0E140007655B6 /* HomeView.swift */ = {isa = PBXFileReference; lastKnownFileType = sourcecode.swift; path = HomeView.swift; sourceTree = "<group>"; };
		910E3CCA23D0E1BD007655B6 /* LoadingView.swift */ = {isa = PBXFileReference; lastKnownFileType = sourcecode.swift; path = LoadingView.swift; sourceTree = "<group>"; };
		910E3CCD23D0E24A007655B6 /* UITextField+Extensions.swift */ = {isa = PBXFileReference; lastKnownFileType = sourcecode.swift; path = "UITextField+Extensions.swift"; sourceTree = "<group>"; };
		910E3CD023D0E329007655B6 /* QuizGameControlView.swift */ = {isa = PBXFileReference; lastKnownFileType = sourcecode.swift; path = QuizGameControlView.swift; sourceTree = "<group>"; };
		910E3CD423D0E3A6007655B6 /* ViewCode.swift */ = {isa = PBXFileReference; lastKnownFileType = sourcecode.swift; path = ViewCode.swift; sourceTree = "<group>"; };
		910E3CD623D0E47F007655B6 /* Utils.swift */ = {isa = PBXFileReference; lastKnownFileType = sourcecode.swift; path = Utils.swift; sourceTree = "<group>"; };
		910E3CD923D12491007655B6 /* Constants.swift */ = {isa = PBXFileReference; lastKnownFileType = sourcecode.swift; path = Constants.swift; sourceTree = "<group>"; };
		911873B923D075EE00759C65 /* Quiz.app */ = {isa = PBXFileReference; explicitFileType = wrapper.application; includeInIndex = 0; path = Quiz.app; sourceTree = BUILT_PRODUCTS_DIR; };
		911873BC23D075EE00759C65 /* AppDelegate.swift */ = {isa = PBXFileReference; lastKnownFileType = sourcecode.swift; path = AppDelegate.swift; sourceTree = "<group>"; };
		911873BE23D075EE00759C65 /* SceneDelegate.swift */ = {isa = PBXFileReference; lastKnownFileType = sourcecode.swift; path = SceneDelegate.swift; sourceTree = "<group>"; };
		911873C523D075F200759C65 /* Assets.xcassets */ = {isa = PBXFileReference; lastKnownFileType = folder.assetcatalog; path = Assets.xcassets; sourceTree = "<group>"; };
		911873C823D075F200759C65 /* Base */ = {isa = PBXFileReference; lastKnownFileType = file.storyboard; name = Base; path = Base.lproj/LaunchScreen.storyboard; sourceTree = "<group>"; };
		911873CA23D075F200759C65 /* Info.plist */ = {isa = PBXFileReference; lastKnownFileType = text.plist.xml; path = Info.plist; sourceTree = "<group>"; };
		911873CF23D075F200759C65 /* QuizTests.xctest */ = {isa = PBXFileReference; explicitFileType = wrapper.cfbundle; includeInIndex = 0; path = QuizTests.xctest; sourceTree = BUILT_PRODUCTS_DIR; };
		911873D323D075F200759C65 /* QuizTests.swift */ = {isa = PBXFileReference; lastKnownFileType = sourcecode.swift; path = QuizTests.swift; sourceTree = "<group>"; };
		911873D523D075F200759C65 /* Info.plist */ = {isa = PBXFileReference; lastKnownFileType = text.plist.xml; path = Info.plist; sourceTree = "<group>"; };
		911873DA23D075F200759C65 /* QuizUITests.xctest */ = {isa = PBXFileReference; explicitFileType = wrapper.cfbundle; includeInIndex = 0; path = QuizUITests.xctest; sourceTree = BUILT_PRODUCTS_DIR; };
		911873DE23D075F200759C65 /* QuizUITests.swift */ = {isa = PBXFileReference; lastKnownFileType = sourcecode.swift; path = QuizUITests.swift; sourceTree = "<group>"; };
		911873E023D075F200759C65 /* Info.plist */ = {isa = PBXFileReference; lastKnownFileType = text.plist.xml; path = Info.plist; sourceTree = "<group>"; };
		911873F423D076ED00759C65 /* HomeViewController.swift */ = {isa = PBXFileReference; lastKnownFileType = sourcecode.swift; path = HomeViewController.swift; sourceTree = "<group>"; };
		91E8FC0723D1E04C008AB821 /* SF-Pro-Display-Bold.otf */ = {isa = PBXFileReference; lastKnownFileType = file; path = "SF-Pro-Display-Bold.otf"; sourceTree = "<group>"; };
		91E8FC0823D1E04C008AB821 /* SF-Pro-Display-Semibold.otf */ = {isa = PBXFileReference; lastKnownFileType = file; path = "SF-Pro-Display-Semibold.otf"; sourceTree = "<group>"; };
		91E8FC0923D1E04D008AB821 /* SF-Pro-Display-Regular.otf */ = {isa = PBXFileReference; lastKnownFileType = file; path = "SF-Pro-Display-Regular.otf"; sourceTree = "<group>"; };
		91E8FC0D23D1E0B4008AB821 /* UIFonts+Extensions.swift */ = {isa = PBXFileReference; lastKnownFileType = sourcecode.swift; path = "UIFonts+Extensions.swift"; sourceTree = "<group>"; };
		91F9B0CE23D163B6003BFAA3 /* .gitignore */ = {isa = PBXFileReference; lastKnownFileType = text; path = .gitignore; sourceTree = "<group>"; };
		91F9B0D023D166E0003BFAA3 /* README.md */ = {isa = PBXFileReference; lastKnownFileType = net.daringfireball.markdown; path = README.md; sourceTree = "<group>"; };
		91F9B0D423D167AD003BFAA3 /* screenshot-04.png */ = {isa = PBXFileReference; lastKnownFileType = image.png; path = "screenshot-04.png"; sourceTree = "<group>"; };
		91F9B0D523D167AD003BFAA3 /* screenshot-05.png */ = {isa = PBXFileReference; lastKnownFileType = image.png; path = "screenshot-05.png"; sourceTree = "<group>"; };
		91F9B0D623D167AD003BFAA3 /* screenshot-06.png */ = {isa = PBXFileReference; lastKnownFileType = image.png; path = "screenshot-06.png"; sourceTree = "<group>"; };
		91F9B0D723D167AD003BFAA3 /* screenshot-02.png */ = {isa = PBXFileReference; lastKnownFileType = image.png; path = "screenshot-02.png"; sourceTree = "<group>"; };
		91F9B0D823D167AD003BFAA3 /* screenshot-03.png */ = {isa = PBXFileReference; lastKnownFileType = image.png; path = "screenshot-03.png"; sourceTree = "<group>"; };
		91F9B0D923D167AD003BFAA3 /* screenshot-01.png */ = {isa = PBXFileReference; lastKnownFileType = image.png; path = "screenshot-01.png"; sourceTree = "<group>"; };
		91F9B0DB23D167AD003BFAA3 /* header.png */ = {isa = PBXFileReference; lastKnownFileType = image.png; path = header.png; sourceTree = "<group>"; };
		91F9B0DC23D167AD003BFAA3 /* main-02.png */ = {isa = PBXFileReference; lastKnownFileType = image.png; path = "main-02.png"; sourceTree = "<group>"; };
		91F9B0DD23D167AD003BFAA3 /* main-03.png */ = {isa = PBXFileReference; lastKnownFileType = image.png; path = "main-03.png"; sourceTree = "<group>"; };
		91F9B0DE23D167AD003BFAA3 /* main-01.png */ = {isa = PBXFileReference; lastKnownFileType = image.png; path = "main-01.png"; sourceTree = "<group>"; };
		91F9B0E023D167AD003BFAA3 /* screenshot-08.png */ = {isa = PBXFileReference; lastKnownFileType = image.png; path = "screenshot-08.png"; sourceTree = "<group>"; };
		91F9B0E123D167AD003BFAA3 /* screenshot-09.png */ = {isa = PBXFileReference; lastKnownFileType = image.png; path = "screenshot-09.png"; sourceTree = "<group>"; };
		91F9B0E223D167AD003BFAA3 /* screenshot-10.png */ = {isa = PBXFileReference; lastKnownFileType = image.png; path = "screenshot-10.png"; sourceTree = "<group>"; };
		91F9B0E323D167AD003BFAA3 /* screenshot-07.png */ = {isa = PBXFileReference; lastKnownFileType = image.png; path = "screenshot-07.png"; sourceTree = "<group>"; };
		91F9B0F223D172BE003BFAA3 /* main-01-2.png */ = {isa = PBXFileReference; lastKnownFileType = image.png; path = "main-01-2.png"; sourceTree = "<group>"; };
/* End PBXFileReference section */

/* Begin PBXFrameworksBuildPhase section */
		911873B623D075EE00759C65 /* Frameworks */ = {
			isa = PBXFrameworksBuildPhase;
			buildActionMask = 2147483647;
			files = (
			);
			runOnlyForDeploymentPostprocessing = 0;
		};
		911873CC23D075F200759C65 /* Frameworks */ = {
			isa = PBXFrameworksBuildPhase;
			buildActionMask = 2147483647;
			files = (
			);
			runOnlyForDeploymentPostprocessing = 0;
		};
		911873D723D075F200759C65 /* Frameworks */ = {
			isa = PBXFrameworksBuildPhase;
			buildActionMask = 2147483647;
			files = (
			);
			runOnlyForDeploymentPostprocessing = 0;
		};
/* End PBXFrameworksBuildPhase section */

/* Begin PBXGroup section */
		910E3C9D23D095AD007655B6 /* Model */ = {
			isa = PBXGroup;
			children = (
				910E3C9E23D09636007655B6 /* KeywordsModel.swift */,
			);
			path = Model;
			sourceTree = "<group>";
		};
		910E3CBA23D0DFDB007655B6 /* Service */ = {
			isa = PBXGroup;
			children = (
				910E3CBB23D0E00E007655B6 /* QuizService.swift */,
			);
			path = Service;
			sourceTree = "<group>";
		};
		910E3CBD23D0E036007655B6 /* Utils */ = {
			isa = PBXGroup;
			children = (
				910E3CD623D0E47F007655B6 /* Utils.swift */,
				910E3CD823D12460007655B6 /* Constants */,
				910E3CD223D0E385007655B6 /* Protocols */,
				910E3CBE23D0E046007655B6 /* Custom */,
				91E8FC0623D1DFC9008AB821 /* Fonts */,
			);
			path = Utils;
			sourceTree = "<group>";
		};
		910E3CBE23D0E046007655B6 /* Custom */ = {
			isa = PBXGroup;
			children = (
				910E3CBF23D0E058007655B6 /* CustomError.swift */,
			);
			path = Custom;
			sourceTree = "<group>";
		};
		910E3CC123D0E0AC007655B6 /* ViewModel */ = {
			isa = PBXGroup;
			children = (
				910E3CC323D0E0DE007655B6 /* HomeViewModel.swift */,
			);
			path = ViewModel;
			sourceTree = "<group>";
		};
		910E3CC523D0E122007655B6 /* View */ = {
			isa = PBXGroup;
			children = (
				910E3CC623D0E140007655B6 /* HomeView.swift */,
			);
			path = View;
			sourceTree = "<group>";
		};
		910E3CC823D0E19B007655B6 /* Components */ = {
			isa = PBXGroup;
			children = (
				910E3CC923D0E1A5007655B6 /* Loading */,
				910E3CCF23D0E2FF007655B6 /* Game Control */,
			);
			path = Components;
			sourceTree = "<group>";
		};
		910E3CC923D0E1A5007655B6 /* Loading */ = {
			isa = PBXGroup;
			children = (
				910E3CCA23D0E1BD007655B6 /* LoadingView.swift */,
			);
			path = Loading;
			sourceTree = "<group>";
		};
		910E3CCC23D0E22B007655B6 /* Extensions */ = {
			isa = PBXGroup;
			children = (
				910E3CCD23D0E24A007655B6 /* UITextField+Extensions.swift */,
				91E8FC0D23D1E0B4008AB821 /* UIFonts+Extensions.swift */,
			);
			path = Extensions;
			sourceTree = "<group>";
		};
		910E3CCF23D0E2FF007655B6 /* Game Control */ = {
			isa = PBXGroup;
			children = (
				910E3CD023D0E329007655B6 /* QuizGameControlView.swift */,
			);
			path = "Game Control";
			sourceTree = "<group>";
		};
		910E3CD223D0E385007655B6 /* Protocols */ = {
			isa = PBXGroup;
			children = (
				910E3CD423D0E3A6007655B6 /* ViewCode.swift */,
			);
			path = Protocols;
			sourceTree = "<group>";
		};
		910E3CD823D12460007655B6 /* Constants */ = {
			isa = PBXGroup;
			children = (
				910E3CD923D12491007655B6 /* Constants.swift */,
			);
			path = Constants;
			sourceTree = "<group>";
		};
		911873B023D075EE00759C65 = {
			isa = PBXGroup;
			children = (
				911873BB23D075EE00759C65 /* Quiz */,
				91F9B0D023D166E0003BFAA3 /* README.md */,
				91F9B0CE23D163B6003BFAA3 /* .gitignore */,
				911873D223D075F200759C65 /* QuizTests */,
				911873DD23D075F200759C65 /* QuizUITests */,
				911873BA23D075EE00759C65 /* Products */,
				91F9B0D223D167AD003BFAA3 /* sreenshots */,
			);
			sourceTree = "<group>";
		};
		911873BA23D075EE00759C65 /* Products */ = {
			isa = PBXGroup;
			children = (
				911873B923D075EE00759C65 /* Quiz.app */,
				911873CF23D075F200759C65 /* QuizTests.xctest */,
				911873DA23D075F200759C65 /* QuizUITests.xctest */,
			);
			name = Products;
			sourceTree = "<group>";
		};
		911873BB23D075EE00759C65 /* Quiz */ = {
			isa = PBXGroup;
			children = (
				911873EC23D0766800759C65 /* Application */,
				911873ED23D0767800759C65 /* Support Files */,
				911873EE23D0769100759C65 /* Resources */,
				910E3CBD23D0E036007655B6 /* Utils */,
				910E3CCC23D0E22B007655B6 /* Extensions */,
				910E3C9D23D095AD007655B6 /* Model */,
				910E3CBA23D0DFDB007655B6 /* Service */,
				910E3CC823D0E19B007655B6 /* Components */,
				911873F023D076B200759C65 /* Scenes */,
			);
			path = Quiz;
			sourceTree = "<group>";
		};
		911873D223D075F200759C65 /* QuizTests */ = {
			isa = PBXGroup;
			children = (
				911873D323D075F200759C65 /* QuizTests.swift */,
				911873D523D075F200759C65 /* Info.plist */,
			);
			path = QuizTests;
			sourceTree = "<group>";
		};
		911873DD23D075F200759C65 /* QuizUITests */ = {
			isa = PBXGroup;
			children = (
				911873DE23D075F200759C65 /* QuizUITests.swift */,
				911873E023D075F200759C65 /* Info.plist */,
			);
			path = QuizUITests;
			sourceTree = "<group>";
		};
		911873EC23D0766800759C65 /* Application */ = {
			isa = PBXGroup;
			children = (
				911873BC23D075EE00759C65 /* AppDelegate.swift */,
				911873BE23D075EE00759C65 /* SceneDelegate.swift */,
			);
			path = Application;
			sourceTree = "<group>";
		};
		911873ED23D0767800759C65 /* Support Files */ = {
			isa = PBXGroup;
			children = (
				911873CA23D075F200759C65 /* Info.plist */,
			);
			path = "Support Files";
			sourceTree = "<group>";
		};
		911873EE23D0769100759C65 /* Resources */ = {
			isa = PBXGroup;
			children = (
				911873EF23D076A300759C65 /* Images */,
			);
			path = Resources;
			sourceTree = "<group>";
		};
		911873EF23D076A300759C65 /* Images */ = {
			isa = PBXGroup;
			children = (
				911873C523D075F200759C65 /* Assets.xcassets */,
			);
			path = Images;
			sourceTree = "<group>";
		};
		911873F023D076B200759C65 /* Scenes */ = {
			isa = PBXGroup;
			children = (
				911873F123D076C100759C65 /* Launch Screen */,
				911873F223D076D000759C65 /* Home */,
			);
			path = Scenes;
			sourceTree = "<group>";
		};
		911873F123D076C100759C65 /* Launch Screen */ = {
			isa = PBXGroup;
			children = (
				911873C723D075F200759C65 /* LaunchScreen.storyboard */,
			);
			path = "Launch Screen";
			sourceTree = "<group>";
		};
		911873F223D076D000759C65 /* Home */ = {
			isa = PBXGroup;
			children = (
				911873F323D076DC00759C65 /* Controller */,
				910E3CC523D0E122007655B6 /* View */,
				910E3CC123D0E0AC007655B6 /* ViewModel */,
			);
			path = Home;
			sourceTree = "<group>";
		};
		911873F323D076DC00759C65 /* Controller */ = {
			isa = PBXGroup;
			children = (
				911873F423D076ED00759C65 /* HomeViewController.swift */,
			);
			path = Controller;
			sourceTree = "<group>";
		};
		91E8FC0623D1DFC9008AB821 /* Fonts */ = {
			isa = PBXGroup;
			children = (
				91E8FC0723D1E04C008AB821 /* SF-Pro-Display-Bold.otf */,
				91E8FC0923D1E04D008AB821 /* SF-Pro-Display-Regular.otf */,
				91E8FC0823D1E04C008AB821 /* SF-Pro-Display-Semibold.otf */,
			);
			path = Fonts;
			sourceTree = "<group>";
		};
		91F9B0D223D167AD003BFAA3 /* sreenshots */ = {
			isa = PBXGroup;
			children = (
				91F9B0D323D167AD003BFAA3 /* portrait */,
				91F9B0DA23D167AD003BFAA3 /* github */,
				91F9B0DF23D167AD003BFAA3 /* landscape */,
			);
			path = sreenshots;
			sourceTree = "<group>";
		};
		91F9B0D323D167AD003BFAA3 /* portrait */ = {
			isa = PBXGroup;
			children = (
				91F9B0D423D167AD003BFAA3 /* screenshot-04.png */,
				91F9B0D523D167AD003BFAA3 /* screenshot-05.png */,
				91F9B0D623D167AD003BFAA3 /* screenshot-06.png */,
				91F9B0D723D167AD003BFAA3 /* screenshot-02.png */,
				91F9B0D823D167AD003BFAA3 /* screenshot-03.png */,
				91F9B0D923D167AD003BFAA3 /* screenshot-01.png */,
			);
			path = portrait;
			sourceTree = "<group>";
		};
		91F9B0DA23D167AD003BFAA3 /* github */ = {
			isa = PBXGroup;
			children = (
				91F9B0DB23D167AD003BFAA3 /* header.png */,
				91F9B0DC23D167AD003BFAA3 /* main-02.png */,
				91F9B0F223D172BE003BFAA3 /* main-01-2.png */,
				91F9B0DD23D167AD003BFAA3 /* main-03.png */,
				91F9B0DE23D167AD003BFAA3 /* main-01.png */,
			);
			path = github;
			sourceTree = "<group>";
		};
		91F9B0DF23D167AD003BFAA3 /* landscape */ = {
			isa = PBXGroup;
			children = (
				91F9B0E023D167AD003BFAA3 /* screenshot-08.png */,
				91F9B0E123D167AD003BFAA3 /* screenshot-09.png */,
				91F9B0E223D167AD003BFAA3 /* screenshot-10.png */,
				91F9B0E323D167AD003BFAA3 /* screenshot-07.png */,
			);
			path = landscape;
			sourceTree = "<group>";
		};
/* End PBXGroup section */

/* Begin PBXNativeTarget section */
		911873B823D075EE00759C65 /* Quiz */ = {
			isa = PBXNativeTarget;
			buildConfigurationList = 911873E323D075F200759C65 /* Build configuration list for PBXNativeTarget "Quiz" */;
			buildPhases = (
				911873B523D075EE00759C65 /* Sources */,
				911873B623D075EE00759C65 /* Frameworks */,
				911873B723D075EE00759C65 /* Resources */,
			);
			buildRules = (
			);
			dependencies = (
			);
			name = Quiz;
			productName = Quiz;
			productReference = 911873B923D075EE00759C65 /* Quiz.app */;
			productType = "com.apple.product-type.application";
		};
		911873CE23D075F200759C65 /* QuizTests */ = {
			isa = PBXNativeTarget;
			buildConfigurationList = 911873E623D075F200759C65 /* Build configuration list for PBXNativeTarget "QuizTests" */;
			buildPhases = (
				911873CB23D075F200759C65 /* Sources */,
				911873CC23D075F200759C65 /* Frameworks */,
				911873CD23D075F200759C65 /* Resources */,
			);
			buildRules = (
			);
			dependencies = (
				911873D123D075F200759C65 /* PBXTargetDependency */,
			);
			name = QuizTests;
			productName = QuizTests;
			productReference = 911873CF23D075F200759C65 /* QuizTests.xctest */;
			productType = "com.apple.product-type.bundle.unit-test";
		};
		911873D923D075F200759C65 /* QuizUITests */ = {
			isa = PBXNativeTarget;
			buildConfigurationList = 911873E923D075F200759C65 /* Build configuration list for PBXNativeTarget "QuizUITests" */;
			buildPhases = (
				911873D623D075F200759C65 /* Sources */,
				911873D723D075F200759C65 /* Frameworks */,
				911873D823D075F200759C65 /* Resources */,
			);
			buildRules = (
			);
			dependencies = (
				911873DC23D075F200759C65 /* PBXTargetDependency */,
			);
			name = QuizUITests;
			productName = QuizUITests;
			productReference = 911873DA23D075F200759C65 /* QuizUITests.xctest */;
			productType = "com.apple.product-type.bundle.ui-testing";
		};
/* End PBXNativeTarget section */

/* Begin PBXProject section */
		911873B123D075EE00759C65 /* Project object */ = {
			isa = PBXProject;
			attributes = {
				LastSwiftUpdateCheck = 1130;
				LastUpgradeCheck = 1130;
				ORGANIZATIONNAME = claudiocarvalho;
				TargetAttributes = {
					911873B823D075EE00759C65 = {
						CreatedOnToolsVersion = 11.3;
					};
					911873CE23D075F200759C65 = {
						CreatedOnToolsVersion = 11.3;
						TestTargetID = 911873B823D075EE00759C65;
					};
					911873D923D075F200759C65 = {
						CreatedOnToolsVersion = 11.3;
						TestTargetID = 911873B823D075EE00759C65;
					};
				};
			};
			buildConfigurationList = 911873B423D075EE00759C65 /* Build configuration list for PBXProject "Quiz" */;
			compatibilityVersion = "Xcode 9.3";
			developmentRegion = en;
			hasScannedForEncodings = 0;
			knownRegions = (
				en,
				Base,
			);
			mainGroup = 911873B023D075EE00759C65;
			productRefGroup = 911873BA23D075EE00759C65 /* Products */;
			projectDirPath = "";
			projectRoot = "";
			targets = (
				911873B823D075EE00759C65 /* Quiz */,
				911873CE23D075F200759C65 /* QuizTests */,
				911873D923D075F200759C65 /* QuizUITests */,
			);
		};
/* End PBXProject section */

/* Begin PBXResourcesBuildPhase section */
		911873B723D075EE00759C65 /* Resources */ = {
			isa = PBXResourcesBuildPhase;
			buildActionMask = 2147483647;
			files = (
				91F9B0F323D172BE003BFAA3 /* main-01-2.png in Resources */,
				91F9B0F023D167AD003BFAA3 /* screenshot-10.png in Resources */,
				91F9B0E423D167AD003BFAA3 /* screenshot-04.png in Resources */,
				91E8FC0B23D1E04D008AB821 /* SF-Pro-Display-Semibold.otf in Resources */,
				91F9B0E723D167AD003BFAA3 /* screenshot-02.png in Resources */,
				911873C923D075F200759C65 /* LaunchScreen.storyboard in Resources */,
				91F9B0F123D167AD003BFAA3 /* screenshot-07.png in Resources */,
				91E8FC0A23D1E04D008AB821 /* SF-Pro-Display-Bold.otf in Resources */,
				91F9B0CF23D163B6003BFAA3 /* .gitignore in Resources */,
				91F9B0E623D167AD003BFAA3 /* screenshot-06.png in Resources */,
				91F9B0D123D166E0003BFAA3 /* README.md in Resources */,
				91F9B0EB23D167AD003BFAA3 /* main-02.png in Resources */,
				91E8FC0C23D1E04D008AB821 /* SF-Pro-Display-Regular.otf in Resources */,
				91F9B0EE23D167AD003BFAA3 /* screenshot-08.png in Resources */,
				91F9B0EF23D167AD003BFAA3 /* screenshot-09.png in Resources */,
				91F9B0EA23D167AD003BFAA3 /* header.png in Resources */,
				91F9B0E923D167AD003BFAA3 /* screenshot-01.png in Resources */,
				91F9B0EC23D167AD003BFAA3 /* main-03.png in Resources */,
				91F9B0E523D167AD003BFAA3 /* screenshot-05.png in Resources */,
				91F9B0E823D167AD003BFAA3 /* screenshot-03.png in Resources */,
				911873C623D075F200759C65 /* Assets.xcassets in Resources */,
				91F9B0ED23D167AD003BFAA3 /* main-01.png in Resources */,
			);
			runOnlyForDeploymentPostprocessing = 0;
		};
		911873CD23D075F200759C65 /* Resources */ = {
			isa = PBXResourcesBuildPhase;
			buildActionMask = 2147483647;
			files = (
			);
			runOnlyForDeploymentPostprocessing = 0;
		};
		911873D823D075F200759C65 /* Resources */ = {
			isa = PBXResourcesBuildPhase;
			buildActionMask = 2147483647;
			files = (
			);
			runOnlyForDeploymentPostprocessing = 0;
		};
/* End PBXResourcesBuildPhase section */

/* Begin PBXSourcesBuildPhase section */
		911873B523D075EE00759C65 /* Sources */ = {
			isa = PBXSourcesBuildPhase;
			buildActionMask = 2147483647;
			files = (
				910E3CBC23D0E00E007655B6 /* QuizService.swift in Sources */,
				911873BD23D075EE00759C65 /* AppDelegate.swift in Sources */,
				910E3CC423D0E0DE007655B6 /* HomeViewModel.swift in Sources */,
				910E3CCE23D0E24A007655B6 /* UITextField+Extensions.swift in Sources */,
				911873BF23D075EE00759C65 /* SceneDelegate.swift in Sources */,
				910E3CD723D0E47F007655B6 /* Utils.swift in Sources */,
				911873F523D076ED00759C65 /* HomeViewController.swift in Sources */,
				910E3CD123D0E329007655B6 /* QuizGameControlView.swift in Sources */,
				910E3CC723D0E140007655B6 /* HomeView.swift in Sources */,
				910E3C9F23D09636007655B6 /* KeywordsModel.swift in Sources */,
				910E3CC023D0E058007655B6 /* CustomError.swift in Sources */,
				910E3CDA23D12491007655B6 /* Constants.swift in Sources */,
				910E3CCB23D0E1BD007655B6 /* LoadingView.swift in Sources */,
				910E3CD523D0E3A6007655B6 /* ViewCode.swift in Sources */,
				91E8FC0E23D1E0B4008AB821 /* UIFonts+Extensions.swift in Sources */,
			);
			runOnlyForDeploymentPostprocessing = 0;
		};
		911873CB23D075F200759C65 /* Sources */ = {
			isa = PBXSourcesBuildPhase;
			buildActionMask = 2147483647;
			files = (
				911873D423D075F200759C65 /* QuizTests.swift in Sources */,
			);
			runOnlyForDeploymentPostprocessing = 0;
		};
		911873D623D075F200759C65 /* Sources */ = {
			isa = PBXSourcesBuildPhase;
			buildActionMask = 2147483647;
			files = (
				911873DF23D075F200759C65 /* QuizUITests.swift in Sources */,
			);
			runOnlyForDeploymentPostprocessing = 0;
		};
/* End PBXSourcesBuildPhase section */

/* Begin PBXTargetDependency section */
		911873D123D075F200759C65 /* PBXTargetDependency */ = {
			isa = PBXTargetDependency;
			target = 911873B823D075EE00759C65 /* Quiz */;
			targetProxy = 911873D023D075F200759C65 /* PBXContainerItemProxy */;
		};
		911873DC23D075F200759C65 /* PBXTargetDependency */ = {
			isa = PBXTargetDependency;
			target = 911873B823D075EE00759C65 /* Quiz */;
			targetProxy = 911873DB23D075F200759C65 /* PBXContainerItemProxy */;
		};
/* End PBXTargetDependency section */

/* Begin PBXVariantGroup section */
		911873C723D075F200759C65 /* LaunchScreen.storyboard */ = {
			isa = PBXVariantGroup;
			children = (
				911873C823D075F200759C65 /* Base */,
			);
			name = LaunchScreen.storyboard;
			sourceTree = "<group>";
		};
/* End PBXVariantGroup section */

/* Begin XCBuildConfiguration section */
		911873E123D075F200759C65 /* Debug */ = {
			isa = XCBuildConfiguration;
			buildSettings = {
				ALWAYS_SEARCH_USER_PATHS = NO;
				CLANG_ANALYZER_NONNULL = YES;
				CLANG_ANALYZER_NUMBER_OBJECT_CONVERSION = YES_AGGRESSIVE;
				CLANG_CXX_LANGUAGE_STANDARD = "gnu++14";
				CLANG_CXX_LIBRARY = "libc++";
				CLANG_ENABLE_MODULES = YES;
				CLANG_ENABLE_OBJC_ARC = YES;
				CLANG_ENABLE_OBJC_WEAK = YES;
				CLANG_WARN_BLOCK_CAPTURE_AUTORELEASING = YES;
				CLANG_WARN_BOOL_CONVERSION = YES;
				CLANG_WARN_COMMA = YES;
				CLANG_WARN_CONSTANT_CONVERSION = YES;
				CLANG_WARN_DEPRECATED_OBJC_IMPLEMENTATIONS = YES;
				CLANG_WARN_DIRECT_OBJC_ISA_USAGE = YES_ERROR;
				CLANG_WARN_DOCUMENTATION_COMMENTS = YES;
				CLANG_WARN_EMPTY_BODY = YES;
				CLANG_WARN_ENUM_CONVERSION = YES;
				CLANG_WARN_INFINITE_RECURSION = YES;
				CLANG_WARN_INT_CONVERSION = YES;
				CLANG_WARN_NON_LITERAL_NULL_CONVERSION = YES;
				CLANG_WARN_OBJC_IMPLICIT_RETAIN_SELF = YES;
				CLANG_WARN_OBJC_LITERAL_CONVERSION = YES;
				CLANG_WARN_OBJC_ROOT_CLASS = YES_ERROR;
				CLANG_WARN_RANGE_LOOP_ANALYSIS = YES;
				CLANG_WARN_STRICT_PROTOTYPES = YES;
				CLANG_WARN_SUSPICIOUS_MOVE = YES;
				CLANG_WARN_UNGUARDED_AVAILABILITY = YES_AGGRESSIVE;
				CLANG_WARN_UNREACHABLE_CODE = YES;
				CLANG_WARN__DUPLICATE_METHOD_MATCH = YES;
				COPY_PHASE_STRIP = NO;
				DEBUG_INFORMATION_FORMAT = dwarf;
				ENABLE_STRICT_OBJC_MSGSEND = YES;
				ENABLE_TESTABILITY = YES;
				GCC_C_LANGUAGE_STANDARD = gnu11;
				GCC_DYNAMIC_NO_PIC = NO;
				GCC_NO_COMMON_BLOCKS = YES;
				GCC_OPTIMIZATION_LEVEL = 0;
				GCC_PREPROCESSOR_DEFINITIONS = (
					"DEBUG=1",
					"$(inherited)",
				);
				GCC_WARN_64_TO_32_BIT_CONVERSION = YES;
				GCC_WARN_ABOUT_RETURN_TYPE = YES_ERROR;
				GCC_WARN_UNDECLARED_SELECTOR = YES;
				GCC_WARN_UNINITIALIZED_AUTOS = YES_AGGRESSIVE;
				GCC_WARN_UNUSED_FUNCTION = YES;
				GCC_WARN_UNUSED_VARIABLE = YES;
				IPHONEOS_DEPLOYMENT_TARGET = 13.2;
				MTL_ENABLE_DEBUG_INFO = INCLUDE_SOURCE;
				MTL_FAST_MATH = YES;
				ONLY_ACTIVE_ARCH = YES;
				SDKROOT = iphoneos;
				SWIFT_ACTIVE_COMPILATION_CONDITIONS = DEBUG;
				SWIFT_OPTIMIZATION_LEVEL = "-Onone";
			};
			name = Debug;
		};
		911873E223D075F200759C65 /* Release */ = {
			isa = XCBuildConfiguration;
			buildSettings = {
				ALWAYS_SEARCH_USER_PATHS = NO;
				CLANG_ANALYZER_NONNULL = YES;
				CLANG_ANALYZER_NUMBER_OBJECT_CONVERSION = YES_AGGRESSIVE;
				CLANG_CXX_LANGUAGE_STANDARD = "gnu++14";
				CLANG_CXX_LIBRARY = "libc++";
				CLANG_ENABLE_MODULES = YES;
				CLANG_ENABLE_OBJC_ARC = YES;
				CLANG_ENABLE_OBJC_WEAK = YES;
				CLANG_WARN_BLOCK_CAPTURE_AUTORELEASING = YES;
				CLANG_WARN_BOOL_CONVERSION = YES;
				CLANG_WARN_COMMA = YES;
				CLANG_WARN_CONSTANT_CONVERSION = YES;
				CLANG_WARN_DEPRECATED_OBJC_IMPLEMENTATIONS = YES;
				CLANG_WARN_DIRECT_OBJC_ISA_USAGE = YES_ERROR;
				CLANG_WARN_DOCUMENTATION_COMMENTS = YES;
				CLANG_WARN_EMPTY_BODY = YES;
				CLANG_WARN_ENUM_CONVERSION = YES;
				CLANG_WARN_INFINITE_RECURSION = YES;
				CLANG_WARN_INT_CONVERSION = YES;
				CLANG_WARN_NON_LITERAL_NULL_CONVERSION = YES;
				CLANG_WARN_OBJC_IMPLICIT_RETAIN_SELF = YES;
				CLANG_WARN_OBJC_LITERAL_CONVERSION = YES;
				CLANG_WARN_OBJC_ROOT_CLASS = YES_ERROR;
				CLANG_WARN_RANGE_LOOP_ANALYSIS = YES;
				CLANG_WARN_STRICT_PROTOTYPES = YES;
				CLANG_WARN_SUSPICIOUS_MOVE = YES;
				CLANG_WARN_UNGUARDED_AVAILABILITY = YES_AGGRESSIVE;
				CLANG_WARN_UNREACHABLE_CODE = YES;
				CLANG_WARN__DUPLICATE_METHOD_MATCH = YES;
				COPY_PHASE_STRIP = NO;
				DEBUG_INFORMATION_FORMAT = "dwarf-with-dsym";
				ENABLE_NS_ASSERTIONS = NO;
				ENABLE_STRICT_OBJC_MSGSEND = YES;
				GCC_C_LANGUAGE_STANDARD = gnu11;
				GCC_NO_COMMON_BLOCKS = YES;
				GCC_WARN_64_TO_32_BIT_CONVERSION = YES;
				GCC_WARN_ABOUT_RETURN_TYPE = YES_ERROR;
				GCC_WARN_UNDECLARED_SELECTOR = YES;
				GCC_WARN_UNINITIALIZED_AUTOS = YES_AGGRESSIVE;
				GCC_WARN_UNUSED_FUNCTION = YES;
				GCC_WARN_UNUSED_VARIABLE = YES;
				IPHONEOS_DEPLOYMENT_TARGET = 13.2;
				MTL_ENABLE_DEBUG_INFO = NO;
				MTL_FAST_MATH = YES;
				SDKROOT = iphoneos;
				SWIFT_COMPILATION_MODE = wholemodule;
				SWIFT_OPTIMIZATION_LEVEL = "-O";
				VALIDATE_PRODUCT = YES;
			};
			name = Release;
		};
		911873E423D075F200759C65 /* Debug */ = {
			isa = XCBuildConfiguration;
			buildSettings = {
				ASSETCATALOG_COMPILER_APPICON_NAME = AppIcon;
				CODE_SIGN_STYLE = Automatic;
				INFOPLIST_FILE = "$(SRCROOT)/Quiz/Support Files/Info.plist";
				LD_RUNPATH_SEARCH_PATHS = (
					"$(inherited)",
					"@executable_path/Frameworks",
				);
				PRODUCT_BUNDLE_IDENTIFIER = dev.claudiocarvalho.Quiz;
				PRODUCT_NAME = "$(TARGET_NAME)";
				SWIFT_VERSION = 5.0;
				TARGETED_DEVICE_FAMILY = "1,2";
			};
			name = Debug;
		};
		911873E523D075F200759C65 /* Release */ = {
			isa = XCBuildConfiguration;
			buildSettings = {
				ASSETCATALOG_COMPILER_APPICON_NAME = AppIcon;
				CODE_SIGN_STYLE = Automatic;
				INFOPLIST_FILE = "$(SRCROOT)/Quiz/Support Files/Info.plist";
				LD_RUNPATH_SEARCH_PATHS = (
					"$(inherited)",
					"@executable_path/Frameworks",
				);
				PRODUCT_BUNDLE_IDENTIFIER = dev.claudiocarvalho.Quiz;
				PRODUCT_NAME = "$(TARGET_NAME)";
				SWIFT_VERSION = 5.0;
				TARGETED_DEVICE_FAMILY = "1,2";
			};
			name = Release;
		};
		911873E723D075F200759C65 /* Debug */ = {
			isa = XCBuildConfiguration;
			buildSettings = {
				ALWAYS_EMBED_SWIFT_STANDARD_LIBRARIES = YES;
				BUNDLE_LOADER = "$(TEST_HOST)";
				CODE_SIGN_STYLE = Automatic;
				INFOPLIST_FILE = QuizTests/Info.plist;
				IPHONEOS_DEPLOYMENT_TARGET = 13.2;
				LD_RUNPATH_SEARCH_PATHS = (
					"$(inherited)",
					"@executable_path/Frameworks",
					"@loader_path/Frameworks",
				);
				PRODUCT_BUNDLE_IDENTIFIER = dev.claudiocarvalho.QuizTests;
				PRODUCT_NAME = "$(TARGET_NAME)";
				SWIFT_VERSION = 5.0;
				TARGETED_DEVICE_FAMILY = "1,2";
				TEST_HOST = "$(BUILT_PRODUCTS_DIR)/Quiz.app/Quiz";
			};
			name = Debug;
		};
		911873E823D075F200759C65 /* Release */ = {
			isa = XCBuildConfiguration;
			buildSettings = {
				ALWAYS_EMBED_SWIFT_STANDARD_LIBRARIES = YES;
				BUNDLE_LOADER = "$(TEST_HOST)";
				CODE_SIGN_STYLE = Automatic;
				INFOPLIST_FILE = QuizTests/Info.plist;
				IPHONEOS_DEPLOYMENT_TARGET = 13.2;
				LD_RUNPATH_SEARCH_PATHS = (
					"$(inherited)",
					"@executable_path/Frameworks",
					"@loader_path/Frameworks",
				);
				PRODUCT_BUNDLE_IDENTIFIER = dev.claudiocarvalho.QuizTests;
				PRODUCT_NAME = "$(TARGET_NAME)";
				SWIFT_VERSION = 5.0;
				TARGETED_DEVICE_FAMILY = "1,2";
				TEST_HOST = "$(BUILT_PRODUCTS_DIR)/Quiz.app/Quiz";
			};
			name = Release;
		};
		911873EA23D075F200759C65 /* Debug */ = {
			isa = XCBuildConfiguration;
			buildSettings = {
				ALWAYS_EMBED_SWIFT_STANDARD_LIBRARIES = YES;
				CODE_SIGN_STYLE = Automatic;
				INFOPLIST_FILE = QuizUITests/Info.plist;
				LD_RUNPATH_SEARCH_PATHS = (
					"$(inherited)",
					"@executable_path/Frameworks",
					"@loader_path/Frameworks",
				);
				PRODUCT_BUNDLE_IDENTIFIER = dev.claudiocarvalho.QuizUITests;
				PRODUCT_NAME = "$(TARGET_NAME)";
				SWIFT_VERSION = 5.0;
				TARGETED_DEVICE_FAMILY = "1,2";
				TEST_TARGET_NAME = Quiz;
			};
			name = Debug;
		};
		911873EB23D075F200759C65 /* Release */ = {
			isa = XCBuildConfiguration;
			buildSettings = {
				ALWAYS_EMBED_SWIFT_STANDARD_LIBRARIES = YES;
				CODE_SIGN_STYLE = Automatic;
				INFOPLIST_FILE = QuizUITests/Info.plist;
				LD_RUNPATH_SEARCH_PATHS = (
					"$(inherited)",
					"@executable_path/Frameworks",
					"@loader_path/Frameworks",
				);
				PRODUCT_BUNDLE_IDENTIFIER = dev.claudiocarvalho.QuizUITests;
				PRODUCT_NAME = "$(TARGET_NAME)";
				SWIFT_VERSION = 5.0;
				TARGETED_DEVICE_FAMILY = "1,2";
				TEST_TARGET_NAME = Quiz;
			};
			name = Release;
		};
/* End XCBuildConfiguration section */

/* Begin XCConfigurationList section */
		911873B423D075EE00759C65 /* Build configuration list for PBXProject "Quiz" */ = {
			isa = XCConfigurationList;
			buildConfigurations = (
				911873E123D075F200759C65 /* Debug */,
				911873E223D075F200759C65 /* Release */,
			);
			defaultConfigurationIsVisible = 0;
			defaultConfigurationName = Release;
		};
		911873E323D075F200759C65 /* Build configuration list for PBXNativeTarget "Quiz" */ = {
			isa = XCConfigurationList;
			buildConfigurations = (
				911873E423D075F200759C65 /* Debug */,
				911873E523D075F200759C65 /* Release */,
			);
			defaultConfigurationIsVisible = 0;
			defaultConfigurationName = Release;
		};
		911873E623D075F200759C65 /* Build configuration list for PBXNativeTarget "QuizTests" */ = {
			isa = XCConfigurationList;
			buildConfigurations = (
				911873E723D075F200759C65 /* Debug */,
				911873E823D075F200759C65 /* Release */,
			);
			defaultConfigurationIsVisible = 0;
			defaultConfigurationName = Release;
		};
		911873E923D075F200759C65 /* Build configuration list for PBXNativeTarget "QuizUITests" */ = {
			isa = XCConfigurationList;
			buildConfigurations = (
				911873EA23D075F200759C65 /* Debug */,
				911873EB23D075F200759C65 /* Release */,
			);
			defaultConfigurationIsVisible = 0;
			defaultConfigurationName = Release;
		};
/* End XCConfigurationList section */
	};
	rootObject = 911873B123D075EE00759C65 /* Project object */;
}
